
Microsoft Visual Studio Solution File, Format Version 12.00
# Visual Studio Version 17
VisualStudioVersion = 17.10.35122.118
MinimumVisualStudioVersion = 10.0.40219.1
Project("{9A19103F-16F7-4668-BE54-9A1E7A4F7556}") = "Pop", "Pop\Pop.csproj", "{7D255EBB-7CF1-40BA-A314-05575E8C535B}"
EndProject
Global
	GlobalSection(SolutionConfigurationPlatforms) = preSolution
		Debug|Any CPU = Debug|Any CPU
		Release|Any CPU = Release|Any CPU
	EndGlobalSection
	GlobalSection(ProjectConfigurationPlatforms) = postSolution
		{7D255EBB-7CF1-40BA-A314-05575E8C535B}.Debug|Any CPU.ActiveCfg = Debug|Any CPU
		{7D255EBB-7CF1-40BA-A314-05575E8C535B}.Debug|Any CPU.Build.0 = Debug|Any CPU
		{7D255EBB-7CF1-40BA-A314-05575E8C535B}.Release|Any CPU.ActiveCfg = Release|Any CPU
		{7D255EBB-7CF1-40BA-A314-05575E8C535B}.Release|Any CPU.Build.0 = Release|Any CPU
	EndGlobalSection
	GlobalSection(SolutionProperties) = preSolution
		HideSolutionNode = FALSE
	EndGlobalSection
	GlobalSection(ExtensibilityGlobals) = postSolution
		SolutionGuid = {C31D4FCB-2081-4F19-9991-2AA91CB21CCB}
	EndGlobalSection
EndGlobal
